{
  "version": 4,
  "terraform_version": "0.12.31",
  "serial": 34,
  "lineage": "5b09a4b1-70fb-4a7c-0256-36fe2fcea12f",
  "outputs": {
    "VPC_Info": {
      "value": [
        "arn:aws:ec2:us-east-1:540789113945:vpc/vpc-0754123d2d574ad29",
        "arn:aws:ec2:us-east-1:540789113945:vpc/vpc-027eb62cbee832ab9"
      ],
      "type": [
        "tuple",
        [
          "string",
          "string"
        ]
      ]
    },
    "owner": {
      "value": {
        "account_id": "540789113945",
        "arn": "arn:aws:iam::540789113945:user/bjoshi",
        "id": "540789113945",
        "user_id": "AIDAIFOD2HQIBHQLKKU3U"
      },
      "type": [
        "object",
        {
          "account_id": "string",
          "arn": "string",
          "id": "string",
          "user_id": "string"
        }
      ]
    }
  },
  "resources": [
    {
      "mode": "data",
      "type": "aws_caller_identity",
      "name": "current",
      "provider": "provider.aws",
      "instances": [
        {
          "schema_version": 0,
          "attributes": {
            "account_id": "540789113945",
            "arn": "arn:aws:iam::540789113945:user/bjoshi",
            "id": "540789113945",
            "user_id": "AIDAIFOD2HQIBHQLKKU3U"
          }
        }
      ]
    },
    {
      "mode": "managed",
      "type": "aws_vpc",
      "name": "main",
      "each": "list",
      "provider": "provider.aws",
      "instances": [
        {
          "index_key": 0,
          "schema_version": 1,
          "attributes": {
            "arn": "arn:aws:ec2:us-east-1:540789113945:vpc/vpc-0754123d2d574ad29",
            "assign_generated_ipv6_cidr_block": false,
            "cidr_block": "10.4.0.0/24",
            "default_network_acl_id": "acl-0c7096e80a497d54b",
            "default_route_table_id": "rtb-0d5f9cc1594f6bec3",
            "default_security_group_id": "sg-03cd62ff884eaafdb",
            "dhcp_options_id": "dopt-0543a77c",
            "enable_classiclink": false,
            "enable_classiclink_dns_support": false,
            "enable_dns_hostnames": false,
            "enable_dns_support": true,
            "id": "vpc-0754123d2d574ad29",
            "instance_tenancy": "default",
            "ipv6_association_id": "",
            "ipv6_cidr_block": "",
            "main_route_table_id": "rtb-0d5f9cc1594f6bec3",
            "owner_id": "540789113945",
            "tags": {
              "Name": "punte-hello",
              "index": "0"
            },
            "tags_all": {
              "Name": "punte-hello",
              "index": "0"
            }
          },
          "private": "eyJzY2hlbWFfdmVyc2lvbiI6IjEifQ=="
        },
        {
          "index_key": 1,
          "schema_version": 1,
          "attributes": {
            "arn": "arn:aws:ec2:us-east-1:540789113945:vpc/vpc-027eb62cbee832ab9",
            "assign_generated_ipv6_cidr_block": false,
            "cidr_block": "10.4.1.0/24",
            "default_network_acl_id": "acl-0e6e1afb44c29c6a8",
            "default_route_table_id": "rtb-0daebf66873a9f41b",
            "default_security_group_id": "sg-052e189d071d20237",
            "dhcp_options_id": "dopt-0543a77c",
            "enable_classiclink": false,
            "enable_classiclink_dns_support": false,
            "enable_dns_hostnames": false,
            "enable_dns_support": true,
            "id": "vpc-027eb62cbee832ab9",
            "instance_tenancy": "default",
            "ipv6_association_id": "",
            "ipv6_cidr_block": "",
            "main_route_table_id": "rtb-0daebf66873a9f41b",
            "owner_id": "540789113945",
            "tags": {
              "Name": "punte-hello",
              "index": "1"
            },
            "tags_all": {
              "Name": "punte-hello",
              "index": "1"
            }
          },
          "private": "eyJzY2hlbWFfdmVyc2lvbiI6IjEifQ=="
        }
      ]
    }
  ]
}
